
Microsoft Visual Studio Solution File, Format Version 12.00
# Visual Studio Version 17
VisualStudioVersion = 17.2.32616.157
MinimumVisualStudioVersion = 10.0.40219.1
Project("{FAE04EC0-301F-11D3-BF4B-00C04F79EFBC}") = "TarjetaFachada", "TarjetaFachada.csproj", "{10B4EEF3-85EE-4758-9960-25604C4C335A}"
EndProject
Global
	GlobalSection(SolutionConfigurationPlatforms) = preSolution
		Debug|Any CPU = Debug|Any CPU
		Release|Any CPU = Release|Any CPU
	EndGlobalSection
	GlobalSection(ProjectConfigurationPlatforms) = postSolution
		{10B4EEF3-85EE-4758-9960-25604C4C335A}.Debug|Any CPU.ActiveCfg = Debug|Any CPU
		{10B4EEF3-85EE-4758-9960-25604C4C335A}.Debug|Any CPU.Build.0 = Debug|Any CPU
		{10B4EEF3-85EE-4758-9960-25604C4C335A}.Release|Any CPU.ActiveCfg = Release|Any CPU
		{10B4EEF3-85EE-4758-9960-25604C4C335A}.Release|Any CPU.Build.0 = Release|Any CPU
	EndGlobalSection
	GlobalSection(SolutionProperties) = preSolution
		HideSolutionNode = FALSE
	EndGlobalSection
	GlobalSection(ExtensibilityGlobals) = postSolution
		SolutionGuid = {41416A58-C47B-435C-8C0C-16248F4D3395}
	EndGlobalSection
EndGlobal
